// !$*UTF8*$!
{
	archiveVersion = 1;
	classes = {
	};
	objectVersion = 77;
	objects = {

/* Begin PBXBuildFile section */
		2C2167412EEC73E1004A2529 /* KeyboardMonitor.swift in Sources */ = {isa = PBXBuildFile; fileRef = 2C2167312EEC73E1004A2529 /* KeyboardMonitor.swift */; };
		2C2167422EEC73E1004A2529 /* MainTranslationView.swift in Sources */ = {isa = PBXBuildFile; fileRef = 2C2167322EEC73E1004A2529 /* MainTranslationView.swift */; };
		2C2167442EEC73E1004A2529 /* DeepAIApp.swift in Sources */ = {isa = PBXBuildFile; fileRef = 2C21672F2EEC73E1004A2529 /* DeepAIApp.swift */; };
		2C2167462EEC73E1004A2529 /* TranslationPopupView.swift in Sources */ = {isa = PBXBuildFile; fileRef = 2C2167342EEC73E1004A2529 /* TranslationPopupView.swift */; };
		2C2167492EEC73E1004A2529 /* SettingsView.swift in Sources */ = {isa = PBXBuildFile; fileRef = 2C2167332EEC73E1004A2529 /* SettingsView.swift */; };
		2C21674A2EEC73E1004A2529 /* TranslationService.swift in Sources */ = {isa = PBXBuildFile; fileRef = 2C2167352EEC73E1004A2529 /* TranslationService.swift */; };
		2C2167522EEC73E1004A2529 /* DraggableWindow.swift in Sources */ = {isa = PBXBuildFile; fileRef = 2C2167512EEC73E1004A2529 /* DraggableWindow.swift */; };
		2C21674B2EEC73E1004A2529 /* Assets.xcassets in Resources */ = {isa = PBXBuildFile; fileRef = 2C21672D2EEC73E1004A2529 /* Assets.xcassets */; };
/* End PBXBuildFile section */

/* Begin PBXContainerItemProxy section */
		2C2167022EEC7399004A2529 /* PBXContainerItemProxy */ = {
			isa = PBXContainerItemProxy;
			containerPortal = 2C2166EC2EEC7398004A2529 /* Project object */;
			proxyType = 1;
			remoteGlobalIDString = 2C2166F32EEC7398004A2529;
			remoteInfo = DeepAI;
		};
		2C21670C2EEC7399004A2529 /* PBXContainerItemProxy */ = {
			isa = PBXContainerItemProxy;
			containerPortal = 2C2166EC2EEC7398004A2529 /* Project object */;
			proxyType = 1;
			remoteGlobalIDString = 2C2166F32EEC7398004A2529;
			remoteInfo = DeepAI;
		};
/* End PBXContainerItemProxy section */

/* Begin PBXFileReference section */
		2C2166F42EEC7398004A2529 /* DeepAI.app */ = {isa = PBXFileReference; explicitFileType = wrapper.application; includeInIndex = 0; path = DeepAI.app; sourceTree = BUILT_PRODUCTS_DIR; };
		2C2167012EEC7399004A2529 /* DeepAITests.xctest */ = {isa = PBXFileReference; explicitFileType = wrapper.cfbundle; includeInIndex = 0; path = DeepAITests.xctest; sourceTree = BUILT_PRODUCTS_DIR; };
		2C21670B2EEC7399004A2529 /* DeepAIUITests.xctest */ = {isa = PBXFileReference; explicitFileType = wrapper.cfbundle; includeInIndex = 0; path = DeepAIUITests.xctest; sourceTree = BUILT_PRODUCTS_DIR; };
		2C21672D2EEC73E1004A2529 /* Assets.xcassets */ = {isa = PBXFileReference; lastKnownFileType = folder.assetcatalog; path = Assets.xcassets; sourceTree = "<group>"; };
		2C21672E2EEC73E1004A2529 /* DeepAI.entitlements */ = {isa = PBXFileReference; lastKnownFileType = text.plist.entitlements; path = DeepAI.entitlements; sourceTree = "<group>"; };
		2C21672F2EEC73E1004A2529 /* DeepAIApp.swift */ = {isa = PBXFileReference; lastKnownFileType = sourcecode.swift; path = DeepAIApp.swift; sourceTree = "<group>"; };
		2C2167302EEC73E1004A2529 /* Info.plist */ = {isa = PBXFileReference; lastKnownFileType = text.plist.xml; path = Info.plist; sourceTree = "<group>"; };
		2C2167312EEC73E1004A2529 /* KeyboardMonitor.swift */ = {isa = PBXFileReference; lastKnownFileType = sourcecode.swift; path = KeyboardMonitor.swift; sourceTree = "<group>"; };
		2C2167322EEC73E1004A2529 /* MainTranslationView.swift */ = {isa = PBXFileReference; lastKnownFileType = sourcecode.swift; path = MainTranslationView.swift; sourceTree = "<group>"; };
		2C2167332EEC73E1004A2529 /* SettingsView.swift */ = {isa = PBXFileReference; lastKnownFileType = sourcecode.swift; path = SettingsView.swift; sourceTree = "<group>"; };
		2C2167342EEC73E1004A2529 /* TranslationPopupView.swift */ = {isa = PBXFileReference; lastKnownFileType = sourcecode.swift; path = TranslationPopupView.swift; sourceTree = "<group>"; };
		2C2167352EEC73E1004A2529 /* TranslationService.swift */ = {isa = PBXFileReference; lastKnownFileType = sourcecode.swift; path = TranslationService.swift; sourceTree = "<group>"; };
		2C2167512EEC73E1004A2529 /* DraggableWindow.swift */ = {isa = PBXFileReference; lastKnownFileType = sourcecode.swift; path = DraggableWindow.swift; sourceTree = "<group>"; };
		2C2167382EEC73E1004A2529 /* DeepAITests.swift */ = {isa = PBXFileReference; lastKnownFileType = sourcecode.swift; path = DeepAITests.swift; sourceTree = "<group>"; };
		2C21673A2EEC73E1004A2529 /* DeepAIUITests.swift */ = {isa = PBXFileReference; lastKnownFileType = sourcecode.swift; path = DeepAIUITests.swift; sourceTree = "<group>"; };
		2C21673B2EEC73E1004A2529 /* DeepAIUITestsLaunchTests.swift */ = {isa = PBXFileReference; lastKnownFileType = sourcecode.swift; path = DeepAIUITestsLaunchTests.swift; sourceTree = "<group>"; };
/* End PBXFileReference section */

/* Begin PBXFrameworksBuildPhase section */
		2C2166F12EEC7398004A2529 /* Frameworks */ = {
			isa = PBXFrameworksBuildPhase;
			buildActionMask = 2147483647;
			files = (
			);
			runOnlyForDeploymentPostprocessing = 0;
		};
		2C2166FE2EEC7399004A2529 /* Frameworks */ = {
			isa = PBXFrameworksBuildPhase;
			buildActionMask = 2147483647;
			files = (
			);
			runOnlyForDeploymentPostprocessing = 0;
		};
		2C2167082EEC7399004A2529 /* Frameworks */ = {
			isa = PBXFrameworksBuildPhase;
			buildActionMask = 2147483647;
			files = (
			);
			runOnlyForDeploymentPostprocessing = 0;
		};
/* End PBXFrameworksBuildPhase section */

/* Begin PBXGroup section */
		2C2166EB2EEC7398004A2529 = {
			isa = PBXGroup;
			children = (
				2C2167362EEC73E1004A2529 /* DeepAI */,
				2C2167392EEC73E1004A2529 /* DeepAITests */,
				2C21673C2EEC73E1004A2529 /* DeepAIUITests */,
				2C2166F52EEC7398004A2529 /* Products */,
			);
			sourceTree = "<group>";
		};
		2C2166F52EEC7398004A2529 /* Products */ = {
			isa = PBXGroup;
			children = (
				2C2166F42EEC7398004A2529 /* DeepAI.app */,
				2C2167012EEC7399004A2529 /* DeepAITests.xctest */,
				2C21670B2EEC7399004A2529 /* DeepAIUITests.xctest */,
			);
			name = Products;
			sourceTree = "<group>";
		};
		2C2167362EEC73E1004A2529 /* DeepAI */ = {
			isa = PBXGroup;
			children = (
				2C21672D2EEC73E1004A2529 /* Assets.xcassets */,
				2C21672E2EEC73E1004A2529 /* DeepAI.entitlements */,
				2C21672F2EEC73E1004A2529 /* DeepAIApp.swift */,
				2C2167302EEC73E1004A2529 /* Info.plist */,
				2C2167312EEC73E1004A2529 /* KeyboardMonitor.swift */,
				2C2167322EEC73E1004A2529 /* MainTranslationView.swift */,
				2C2167332EEC73E1004A2529 /* SettingsView.swift */,
				2C2167342EEC73E1004A2529 /* TranslationPopupView.swift */,
				2C2167352EEC73E1004A2529 /* TranslationService.swift */,
				2C2167512EEC73E1004A2529 /* DraggableWindow.swift */,
			);
			path = DeepAI;
			sourceTree = "<group>";
		};
		2C2167392EEC73E1004A2529 /* DeepAITests */ = {
			isa = PBXGroup;
			children = (
				2C2167382EEC73E1004A2529 /* DeepAITests.swift */,
			);
			path = DeepAITests;
			sourceTree = "<group>";
		};
		2C21673C2EEC73E1004A2529 /* DeepAIUITests */ = {
			isa = PBXGroup;
			children = (
				2C21673A2EEC73E1004A2529 /* DeepAIUITests.swift */,
				2C21673B2EEC73E1004A2529 /* DeepAIUITestsLaunchTests.swift */,
			);
			path = DeepAIUITests;
			sourceTree = "<group>";
		};
/* End PBXGroup section */

/* Begin PBXNativeTarget section */
		2C2166F32EEC7398004A2529 /* DeepAI */ = {
			isa = PBXNativeTarget;
			buildConfigurationList = 2C2167152EEC7399004A2529 /* Build configuration list for PBXNativeTarget "DeepAI" */;
			buildPhases = (
				2C2166F02EEC7398004A2529 /* Sources */,
				2C2166F12EEC7398004A2529 /* Frameworks */,
				2C2166F22EEC7398004A2529 /* Resources */,
			);
			buildRules = (
			);
			dependencies = (
			);
			name = DeepAI;
			packageProductDependencies = (
			);
			productName = DeepAI;
			productReference = 2C2166F42EEC7398004A2529 /* DeepAI.app */;
			productType = "com.apple.product-type.application";
		};
		2C2167002EEC7399004A2529 /* DeepAITests */ = {
			isa = PBXNativeTarget;
			buildConfigurationList = 2C2167182EEC7399004A2529 /* Build configuration list for PBXNativeTarget "DeepAITests" */;
			buildPhases = (
				2C2166FD2EEC7399004A2529 /* Sources */,
				2C2166FE2EEC7399004A2529 /* Frameworks */,
				2C2166FF2EEC7399004A2529 /* Resources */,
			);
			buildRules = (
			);
			dependencies = (
				2C2167032EEC7399004A2529 /* PBXTargetDependency */,
			);
			name = DeepAITests;
			packageProductDependencies = (
			);
			productName = DeepAITests;
			productReference = 2C2167012EEC7399004A2529 /* DeepAITests.xctest */;
			productType = "com.apple.product-type.bundle.unit-test";
		};
		2C21670A2EEC7399004A2529 /* DeepAIUITests */ = {
			isa = PBXNativeTarget;
			buildConfigurationList = 2C21671B2EEC7399004A2529 /* Build configuration list for PBXNativeTarget "DeepAIUITests" */;
			buildPhases = (
				2C2167072EEC7399004A2529 /* Sources */,
				2C2167082EEC7399004A2529 /* Frameworks */,
				2C2167092EEC7399004A2529 /* Resources */,
			);
			buildRules = (
			);
			dependencies = (
				2C21670D2EEC7399004A2529 /* PBXTargetDependency */,
			);
			name = DeepAIUITests;
			packageProductDependencies = (
			);
			productName = DeepAIUITests;
			productReference = 2C21670B2EEC7399004A2529 /* DeepAIUITests.xctest */;
			productType = "com.apple.product-type.bundle.ui-testing";
		};
/* End PBXNativeTarget section */

/* Begin PBXProject section */
		2C2166EC2EEC7398004A2529 /* Project object */ = {
			isa = PBXProject;
			attributes = {
				BuildIndependentTargetsInParallel = 1;
				LastSwiftUpdateCheck = 2610;
				LastUpgradeCheck = 2610;
				TargetAttributes = {
					2C2166F32EEC7398004A2529 = {
						CreatedOnToolsVersion = 26.1.1;
					};
					2C2167002EEC7399004A2529 = {
						CreatedOnToolsVersion = 26.1.1;
						TestTargetID = 2C2166F32EEC7398004A2529;
					};
					2C21670A2EEC7399004A2529 = {
						CreatedOnToolsVersion = 26.1.1;
						TestTargetID = 2C2166F32EEC7398004A2529;
					};
				};
			};
			buildConfigurationList = 2C2166EF2EEC7398004A2529 /* Build configuration list for PBXProject "DeepAI" */;
			developmentRegion = en;
			hasScannedForEncodings = 0;
			knownRegions = (
				en,
				Base,
			);
			mainGroup = 2C2166EB2EEC7398004A2529;
			minimizedProjectReferenceProxies = 1;
			preferredProjectObjectVersion = 77;
			productRefGroup = 2C2166F52EEC7398004A2529 /* Products */;
			projectDirPath = "";
			projectRoot = "";
			targets = (
				2C2166F32EEC7398004A2529 /* DeepAI */,
				2C2167002EEC7399004A2529 /* DeepAITests */,
				2C21670A2EEC7399004A2529 /* DeepAIUITests */,
			);
		};
/* End PBXProject section */

/* Begin PBXResourcesBuildPhase section */
		2C2166F22EEC7398004A2529 /* Resources */ = {
			isa = PBXResourcesBuildPhase;
			buildActionMask = 2147483647;
			files = (
				2C21674B2EEC73E1004A2529 /* Assets.xcassets in Resources */,
			);
			runOnlyForDeploymentPostprocessing = 0;
		};
		2C2166FF2EEC7399004A2529 /* Resources */ = {
			isa = PBXResourcesBuildPhase;
			buildActionMask = 2147483647;
			files = (
			);
			runOnlyForDeploymentPostprocessing = 0;
		};
		2C2167092EEC7399004A2529 /* Resources */ = {
			isa = PBXResourcesBuildPhase;
			buildActionMask = 2147483647;
			files = (
			);
			runOnlyForDeploymentPostprocessing = 0;
		};
/* End PBXResourcesBuildPhase section */

/* Begin PBXSourcesBuildPhase section */
		2C2166F02EEC7398004A2529 /* Sources */ = {
			isa = PBXSourcesBuildPhase;
			buildActionMask = 2147483647;
			files = (
				2C2167412EEC73E1004A2529 /* KeyboardMonitor.swift in Sources */,
				2C2167422EEC73E1004A2529 /* MainTranslationView.swift in Sources */,
				2C2167442EEC73E1004A2529 /* DeepAIApp.swift in Sources */,
				2C2167462EEC73E1004A2529 /* TranslationPopupView.swift in Sources */,
				2C2167492EEC73E1004A2529 /* SettingsView.swift in Sources */,
				2C21674A2EEC73E1004A2529 /* TranslationService.swift in Sources */,
				2C2167522EEC73E1004A2529 /* DraggableWindow.swift in Sources */,
			);
			runOnlyForDeploymentPostprocessing = 0;
		};
		2C2166FD2EEC7399004A2529 /* Sources */ = {
			isa = PBXSourcesBuildPhase;
			buildActionMask = 2147483647;
			files = (
			);
			runOnlyForDeploymentPostprocessing = 0;
		};
		2C2167072EEC7399004A2529 /* Sources */ = {
			isa = PBXSourcesBuildPhase;
			buildActionMask = 2147483647;
			files = (
			);
			runOnlyForDeploymentPostprocessing = 0;
		};
/* End PBXSourcesBuildPhase section */

/* Begin PBXTargetDependency section */
		2C2167032EEC7399004A2529 /* PBXTargetDependency */ = {
			isa = PBXTargetDependency;
			target = 2C2166F32EEC7398004A2529 /* DeepAI */;
			targetProxy = 2C2167022EEC7399004A2529 /* PBXContainerItemProxy */;
		};
		2C21670D2EEC7399004A2529 /* PBXTargetDependency */ = {
			isa = PBXTargetDependency;
			target = 2C2166F32EEC7398004A2529 /* DeepAI */;
			targetProxy = 2C21670C2EEC7399004A2529 /* PBXContainerItemProxy */;
		};
/* End PBXTargetDependency section */

/* Begin XCBuildConfiguration section */
		2C2167132EEC7399004A2529 /* Debug */ = {
			isa = XCBuildConfiguration;
			buildSettings = {
				ALWAYS_SEARCH_USER_PATHS = NO;
				ASSETCATALOG_COMPILER_GENERATE_SWIFT_ASSET_SYMBOL_EXTENSIONS = YES;
				CLANG_ANALYZER_NONNULL = YES;
				CLANG_ANALYZER_NUMBER_OBJECT_CONVERSION = YES_AGGRESSIVE;
				CLANG_CXX_LANGUAGE_STANDARD = "gnu++20";
				CLANG_ENABLE_MODULES = YES;
				CLANG_ENABLE_OBJC_ARC = YES;
				CLANG_ENABLE_OBJC_WEAK = YES;
				CLANG_WARN_BLOCK_CAPTURE_AUTORELEASING = YES;
				CLANG_WARN_BOOL_CONVERSION = YES;
				CLANG_WARN_COMMA = YES;
				CLANG_WARN_CONSTANT_CONVERSION = YES;
				CLANG_WARN_DEPRECATED_OBJC_IMPLEMENTATIONS = YES;
				CLANG_WARN_DIRECT_OBJC_ISA_USAGE = YES_ERROR;
				CLANG_WARN_DOCUMENTATION_COMMENTS = YES;
				CLANG_WARN_EMPTY_BODY = YES;
				CLANG_WARN_ENUM_CONVERSION = YES;
				CLANG_WARN_INFINITE_RECURSION = YES;
				CLANG_WARN_INT_CONVERSION = YES;
				CLANG_WARN_NON_LITERAL_NULL_CONVERSION = YES;
				CLANG_WARN_OBJC_IMPLICIT_RETAIN_SELF = YES;
				CLANG_WARN_OBJC_LITERAL_CONVERSION = YES;
				CLANG_WARN_OBJC_ROOT_CLASS = YES_ERROR;
				CLANG_WARN_QUOTED_INCLUDE_IN_FRAMEWORK_HEADER = YES;
				CLANG_WARN_RANGE_LOOP_ANALYSIS = YES;
				CLANG_WARN_STRICT_PROTOTYPES = YES;
				CLANG_WARN_SUSPICIOUS_MOVE = YES;
				CLANG_WARN_UNGUARDED_AVAILABILITY = YES_AGGRESSIVE;
				CLANG_WARN_UNREACHABLE_CODE = YES;
				CLANG_WARN__DUPLICATE_METHOD_MATCH = YES;
				COPY_PHASE_STRIP = NO;
				DEBUG_INFORMATION_FORMAT = dwarf;
				DEVELOPMENT_TEAM = Y29LYS5D8M;
				ENABLE_STRICT_OBJC_MSGSEND = YES;
				ENABLE_TESTABILITY = YES;
				ENABLE_USER_SCRIPT_SANDBOXING = YES;
				GCC_C_LANGUAGE_STANDARD = gnu17;
				GCC_DYNAMIC_NO_PIC = NO;
				GCC_NO_COMMON_BLOCKS = YES;
				GCC_OPTIMIZATION_LEVEL = 0;
				GCC_PREPROCESSOR_DEFINITIONS = (
					"DEBUG=1",
					"$(inherited)",
				);
				GCC_WARN_64_TO_32_BIT_CONVERSION = YES;
				GCC_WARN_ABOUT_RETURN_TYPE = YES_ERROR;
				GCC_WARN_UNDECLARED_SELECTOR = YES;
				GCC_WARN_UNINITIALIZED_AUTOS = YES_AGGRESSIVE;
				GCC_WARN_UNUSED_FUNCTION = YES;
				GCC_WARN_UNUSED_VARIABLE = YES;
				LOCALIZATION_PREFERS_STRING_CATALOGS = YES;
				MACOSX_DEPLOYMENT_TARGET = 26.1;
				MTL_ENABLE_DEBUG_INFO = INCLUDE_SOURCE;
				MTL_FAST_MATH = YES;
				ONLY_ACTIVE_ARCH = YES;
				SDKROOT = macosx;
				SWIFT_ACTIVE_COMPILATION_CONDITIONS = "DEBUG $(inherited)";
				SWIFT_OPTIMIZATION_LEVEL = "-Onone";
			};
			name = Debug;
		};
		2C2167142EEC7399004A2529 /* Release */ = {
			isa = XCBuildConfiguration;
			buildSettings = {
				ALWAYS_SEARCH_USER_PATHS = NO;
				ASSETCATALOG_COMPILER_GENERATE_SWIFT_ASSET_SYMBOL_EXTENSIONS = YES;
				CLANG_ANALYZER_NONNULL = YES;
				CLANG_ANALYZER_NUMBER_OBJECT_CONVERSION = YES_AGGRESSIVE;
				CLANG_CXX_LANGUAGE_STANDARD = "gnu++20";
				CLANG_ENABLE_MODULES = YES;
				CLANG_ENABLE_OBJC_ARC = YES;
				CLANG_ENABLE_OBJC_WEAK = YES;
				CLANG_WARN_BLOCK_CAPTURE_AUTORELEASING = YES;
				CLANG_WARN_BOOL_CONVERSION = YES;
				CLANG_WARN_COMMA = YES;
				CLANG_WARN_CONSTANT_CONVERSION = YES;
				CLANG_WARN_DEPRECATED_OBJC_IMPLEMENTATIONS = YES;
				CLANG_WARN_DIRECT_OBJC_ISA_USAGE = YES_ERROR;
				CLANG_WARN_DOCUMENTATION_COMMENTS = YES;
				CLANG_WARN_EMPTY_BODY = YES;
				CLANG_WARN_ENUM_CONVERSION = YES;
				CLANG_WARN_INFINITE_RECURSION = YES;
				CLANG_WARN_INT_CONVERSION = YES;
				CLANG_WARN_NON_LITERAL_NULL_CONVERSION = YES;
				CLANG_WARN_OBJC_IMPLICIT_RETAIN_SELF = YES;
				CLANG_WARN_OBJC_LITERAL_CONVERSION = YES;
				CLANG_WARN_OBJC_ROOT_CLASS = YES_ERROR;
				CLANG_WARN_QUOTED_INCLUDE_IN_FRAMEWORK_HEADER = YES;
				CLANG_WARN_RANGE_LOOP_ANALYSIS = YES;
				CLANG_WARN_STRICT_PROTOTYPES = YES;
				CLANG_WARN_SUSPICIOUS_MOVE = YES;
				CLANG_WARN_UNGUARDED_AVAILABILITY = YES_AGGRESSIVE;
				CLANG_WARN_UNREACHABLE_CODE = YES;
				CLANG_WARN__DUPLICATE_METHOD_MATCH = YES;
				COPY_PHASE_STRIP = NO;
				DEBUG_INFORMATION_FORMAT = "dwarf-with-dsym";
				DEVELOPMENT_TEAM = Y29LYS5D8M;
				ENABLE_NS_ASSERTIONS = NO;
				ENABLE_STRICT_OBJC_MSGSEND = YES;
				ENABLE_USER_SCRIPT_SANDBOXING = YES;
				GCC_C_LANGUAGE_STANDARD = gnu17;
				GCC_NO_COMMON_BLOCKS = YES;
				GCC_WARN_64_TO_32_BIT_CONVERSION = YES;
				GCC_WARN_ABOUT_RETURN_TYPE = YES_ERROR;
				GCC_WARN_UNDECLARED_SELECTOR = YES;
				GCC_WARN_UNINITIALIZED_AUTOS = YES_AGGRESSIVE;
				GCC_WARN_UNUSED_FUNCTION = YES;
				GCC_WARN_UNUSED_VARIABLE = YES;
				LOCALIZATION_PREFERS_STRING_CATALOGS = YES;
				MACOSX_DEPLOYMENT_TARGET = 26.1;
				MTL_ENABLE_DEBUG_INFO = NO;
				MTL_FAST_MATH = YES;
				SDKROOT = macosx;
				SWIFT_COMPILATION_MODE = wholemodule;
			};
			name = Release;
		};
		2C2167162EEC7399004A2529 /* Debug */ = {
			isa = XCBuildConfiguration;
			buildSettings = {
				ASSETCATALOG_COMPILER_APPICON_NAME = AppIcon;
				CODE_SIGN_ENTITLEMENTS = DeepAI/DeepAI.entitlements;
				CODE_SIGN_STYLE = Automatic;
				COMBINE_HIDPI_IMAGES = YES;
				CURRENT_PROJECT_VERSION = 1;
				DEVELOPMENT_TEAM = Y29LYS5D8M;
				ENABLE_APP_SANDBOX = NO;
				ENABLE_HARDENED_RUNTIME = YES;
				ENABLE_PREVIEWS = YES;
				ENABLE_USER_SELECTED_FILES = readonly;
				GENERATE_INFOPLIST_FILE = NO;
				INFOPLIST_FILE = DeepAI/Info.plist;
				INFOPLIST_KEY_NSHumanReadableCopyright = "";
				LD_RUNPATH_SEARCH_PATHS = (
					"$(inherited)",
					"@executable_path/../Frameworks",
				);
				MACOSX_DEPLOYMENT_TARGET = 13.5;
				MARKETING_VERSION = 1.0;
				PRODUCT_BUNDLE_IDENTIFIER = IT.DeepAI;
				PRODUCT_NAME = "$(TARGET_NAME)";
				REGISTER_APP_GROUPS = YES;
				STRING_CATALOG_GENERATE_SYMBOLS = YES;
				SWIFT_APPROACHABLE_CONCURRENCY = YES;
				SWIFT_DEFAULT_ACTOR_ISOLATION = MainActor;
				SWIFT_EMIT_LOC_STRINGS = YES;
				SWIFT_UPCOMING_FEATURE_MEMBER_IMPORT_VISIBILITY = YES;
				SWIFT_VERSION = 5.0;
			};
			name = Debug;
		};
		2C2167172EEC7399004A2529 /* Release */ = {
			isa = XCBuildConfiguration;
			buildSettings = {
				ASSETCATALOG_COMPILER_APPICON_NAME = AppIcon;
				CODE_SIGN_ENTITLEMENTS = DeepAI/DeepAI.entitlements;
				CODE_SIGN_STYLE = Automatic;
				COMBINE_HIDPI_IMAGES = YES;
				CURRENT_PROJECT_VERSION = 1;
				DEVELOPMENT_TEAM = Y29LYS5D8M;
				ENABLE_APP_SANDBOX = NO;
				ENABLE_HARDENED_RUNTIME = YES;
				ENABLE_PREVIEWS = YES;
				ENABLE_USER_SELECTED_FILES = readonly;
				GENERATE_INFOPLIST_FILE = NO;
				INFOPLIST_FILE = DeepAI/Info.plist;
				INFOPLIST_KEY_NSHumanReadableCopyright = "";
				LD_RUNPATH_SEARCH_PATHS = (
					"$(inherited)",
					"@executable_path/../Frameworks",
				);
				MACOSX_DEPLOYMENT_TARGET = 13.5;
				MARKETING_VERSION = 1.0;
				PRODUCT_BUNDLE_IDENTIFIER = IT.DeepAI;
				PRODUCT_NAME = "$(TARGET_NAME)";
				REGISTER_APP_GROUPS = YES;
				STRING_CATALOG_GENERATE_SYMBOLS = YES;
				SWIFT_APPROACHABLE_CONCURRENCY = YES;
				SWIFT_DEFAULT_ACTOR_ISOLATION = MainActor;
				SWIFT_EMIT_LOC_STRINGS = YES;
				SWIFT_UPCOMING_FEATURE_MEMBER_IMPORT_VISIBILITY = YES;
				SWIFT_VERSION = 5.0;
			};
			name = Release;
		};
		2C2167192EEC7399004A2529 /* Debug */ = {
			isa = XCBuildConfiguration;
			buildSettings = {
				BUNDLE_LOADER = "$(TEST_HOST)";
				CODE_SIGN_STYLE = Automatic;
				CURRENT_PROJECT_VERSION = 1;
				DEVELOPMENT_TEAM = Y29LYS5D8M;
				GENERATE_INFOPLIST_FILE = YES;
				MACOSX_DEPLOYMENT_TARGET = 26.1;
				MARKETING_VERSION = 1.0;
				PRODUCT_BUNDLE_IDENTIFIER = IT.DeepAITests;
				PRODUCT_NAME = "$(TARGET_NAME)";
				STRING_CATALOG_GENERATE_SYMBOLS = NO;
				SWIFT_APPROACHABLE_CONCURRENCY = YES;
				SWIFT_EMIT_LOC_STRINGS = NO;
				SWIFT_UPCOMING_FEATURE_MEMBER_IMPORT_VISIBILITY = YES;
				SWIFT_VERSION = 5.0;
				TEST_HOST = "$(BUILT_PRODUCTS_DIR)/DeepAI.app/$(BUNDLE_EXECUTABLE_FOLDER_PATH)/DeepAI";
			};
			name = Debug;
		};
		2C21671A2EEC7399004A2529 /* Release */ = {
			isa = XCBuildConfiguration;
			buildSettings = {
				BUNDLE_LOADER = "$(TEST_HOST)";
				CODE_SIGN_STYLE = Automatic;
				CURRENT_PROJECT_VERSION = 1;
				DEVELOPMENT_TEAM = Y29LYS5D8M;
				GENERATE_INFOPLIST_FILE = YES;
				MACOSX_DEPLOYMENT_TARGET = 26.1;
				MARKETING_VERSION = 1.0;
				PRODUCT_BUNDLE_IDENTIFIER = IT.DeepAITests;
				PRODUCT_NAME = "$(TARGET_NAME)";
				STRING_CATALOG_GENERATE_SYMBOLS = NO;
				SWIFT_APPROACHABLE_CONCURRENCY = YES;
				SWIFT_EMIT_LOC_STRINGS = NO;
				SWIFT_UPCOMING_FEATURE_MEMBER_IMPORT_VISIBILITY = YES;
				SWIFT_VERSION = 5.0;
				TEST_HOST = "$(BUILT_PRODUCTS_DIR)/DeepAI.app/$(BUNDLE_EXECUTABLE_FOLDER_PATH)/DeepAI";
			};
			name = Release;
		};
		2C21671C2EEC7399004A2529 /* Debug */ = {
			isa = XCBuildConfiguration;
			buildSettings = {
				CODE_SIGN_STYLE = Automatic;
				CURRENT_PROJECT_VERSION = 1;
				DEVELOPMENT_TEAM = Y29LYS5D8M;
				GENERATE_INFOPLIST_FILE = YES;
				MARKETING_VERSION = 1.0;
				PRODUCT_BUNDLE_IDENTIFIER = IT.DeepAIUITests;
				PRODUCT_NAME = "$(TARGET_NAME)";
				STRING_CATALOG_GENERATE_SYMBOLS = NO;
				SWIFT_APPROACHABLE_CONCURRENCY = YES;
				SWIFT_EMIT_LOC_STRINGS = NO;
				SWIFT_UPCOMING_FEATURE_MEMBER_IMPORT_VISIBILITY = YES;
				SWIFT_VERSION = 5.0;
				TEST_TARGET_NAME = DeepAI;
			};
			name = Debug;
		};
		2C21671D2EEC7399004A2529 /* Release */ = {
			isa = XCBuildConfiguration;
			buildSettings = {
				CODE_SIGN_STYLE = Automatic;
				CURRENT_PROJECT_VERSION = 1;
				DEVELOPMENT_TEAM = Y29LYS5D8M;
				GENERATE_INFOPLIST_FILE = YES;
				MARKETING_VERSION = 1.0;
				PRODUCT_BUNDLE_IDENTIFIER = IT.DeepAIUITests;
				PRODUCT_NAME = "$(TARGET_NAME)";
				STRING_CATALOG_GENERATE_SYMBOLS = NO;
				SWIFT_APPROACHABLE_CONCURRENCY = YES;
				SWIFT_EMIT_LOC_STRINGS = NO;
				SWIFT_UPCOMING_FEATURE_MEMBER_IMPORT_VISIBILITY = YES;
				SWIFT_VERSION = 5.0;
				TEST_TARGET_NAME = DeepAI;
			};
			name = Release;
		};
/* End XCBuildConfiguration section */

/* Begin XCConfigurationList section */
		2C2166EF2EEC7398004A2529 /* Build configuration list for PBXProject "DeepAI" */ = {
			isa = XCConfigurationList;
			buildConfigurations = (
				2C2167132EEC7399004A2529 /* Debug */,
				2C2167142EEC7399004A2529 /* Release */,
			);
			defaultConfigurationIsVisible = 0;
			defaultConfigurationName = Release;
		};
		2C2167152EEC7399004A2529 /* Build configuration list for PBXNativeTarget "DeepAI" */ = {
			isa = XCConfigurationList;
			buildConfigurations = (
				2C2167162EEC7399004A2529 /* Debug */,
				2C2167172EEC7399004A2529 /* Release */,
			);
			defaultConfigurationIsVisible = 0;
			defaultConfigurationName = Release;
		};
		2C2167182EEC7399004A2529 /* Build configuration list for PBXNativeTarget "DeepAITests" */ = {
			isa = XCConfigurationList;
			buildConfigurations = (
				2C2167192EEC7399004A2529 /* Debug */,
				2C21671A2EEC7399004A2529 /* Release */,
			);
			defaultConfigurationIsVisible = 0;
			defaultConfigurationName = Release;
		};
		2C21671B2EEC7399004A2529 /* Build configuration list for PBXNativeTarget "DeepAIUITests" */ = {
			isa = XCConfigurationList;
			buildConfigurations = (
				2C21671C2EEC7399004A2529 /* Debug */,
				2C21671D2EEC7399004A2529 /* Release */,
			);
			defaultConfigurationIsVisible = 0;
			defaultConfigurationName = Release;
		};
/* End XCConfigurationList section */
	};
	rootObject = 2C2166EC2EEC7398004A2529 /* Project object */;
}
